PODS:
  - Alamofire (5.0.0-rc.2)
  - AlamofireObjectMapper (6.2.0):
    - Alamofire (= 5.0.0-rc.2)
    - ObjectMapper (~> 3.5.1)
  - Firebase/Auth (7.8.1):
    - Firebase/CoreOnly
    - FirebaseAuth (~> 7.8.0)
  - Firebase/CoreOnly (7.8.1):
    - FirebaseCore (= 7.8.0)
  - Firebase/Database (7.8.1):
    - Firebase/CoreOnly
    - FirebaseDatabase (~> 7.8.0)
  - FirebaseAuth (7.8.0):
    - FirebaseCore (~> 7.0)
    - GoogleUtilities/AppDelegateSwizzler (~> 7.0)
    - GoogleUtilities/Environment (~> 7.0)
    - GTMSessionFetcher/Core (~> 1.4)
  - FirebaseCore (7.8.0):
    - FirebaseCoreDiagnostics (~> 7.4)
    - GoogleUtilities/Environment (~> 7.0)
    - GoogleUtilities/Logger (~> 7.0)
  - FirebaseCoreDiagnostics (7.8.0):
    - GoogleDataTransport (~> 8.0)
    - GoogleUtilities/Environment (~> 7.0)
    - GoogleUtilities/Logger (~> 7.0)
    - nanopb (~> 2.30907.0)
  - FirebaseDatabase (7.8.0):
    - FirebaseCore (~> 7.0)
    - leveldb-library (~> 1.22)
  - GoogleDataTransport (8.3.0):
    - GoogleUtilities/Environment (~> 7.2)
    - nanopb (~> 2.30907.0)
    - PromisesObjC (~> 1.2)
  - GoogleUtilities/AppDelegateSwizzler (7.3.0):
    - GoogleUtilities/Environment
    - GoogleUtilities/Logger
    - GoogleUtilities/Network
  - GoogleUtilities/Environment (7.3.0):
    - PromisesObjC (~> 1.2)
  - GoogleUtilities/Logger (7.3.0):
    - GoogleUtilities/Environment
  - GoogleUtilities/Network (7.3.0):
    - GoogleUtilities/Logger
    - "GoogleUtilities/NSData+zlib"
    - GoogleUtilities/Reachability
  - "GoogleUtilities/NSData+zlib (7.3.0)"
  - GoogleUtilities/Reachability (7.3.0):
    - GoogleUtilities/Logger
  - GTMSessionFetcher/Core (1.5.0)
  - JVFloatLabeledTextField (1.2.2)
  - leveldb-library (1.22.1)
  - nanopb (2.30907.0):
    - nanopb/decode (= 2.30907.0)
    - nanopb/encode (= 2.30907.0)
  - nanopb/decode (2.30907.0)
  - nanopb/encode (2.30907.0)
  - ObjectMapper (3.5.3)
  - PromisesObjC (1.2.12)
  - SwiftyJSON (5.0.0)

DEPENDENCIES:
  - Alamofire
  - AlamofireObjectMapper
  - Firebase/Auth
  - Firebase/Database
  - JVFloatLabeledTextField
  - SwiftyJSON

SPEC REPOS:
  https://github.com/cocoapods/specs.git:
    - Alamofire
    - AlamofireObjectMapper
    - Firebase
    - FirebaseAuth
    - FirebaseCore
    - FirebaseCoreDiagnostics
    - FirebaseDatabase
    - GoogleDataTransport
    - GoogleUtilities
    - GTMSessionFetcher
    - JVFloatLabeledTextField
    - leveldb-library
    - nanopb
    - ObjectMapper
    - PromisesObjC
    - SwiftyJSON

SPEC CHECKSUMS:
  Alamofire: f9450d3c7f6bea2ad62e7a541c3e9b186c7991d6
  AlamofireObjectMapper: 74d1440c92c42bbcc2b5f4dc81654ac095ec669f
  Firebase: d59ad4129167f9f0d2a4f6c1f0c462254b6002c8
  FirebaseAuth: 667e576a716f6f9fe31687791406f61135002d47
  FirebaseCore: 049029df3096e5c118917029be7da75ee16f3b1b
  FirebaseCoreDiagnostics: 066f996579cf097bdad3d7dc9a918d6b9e129c50
  FirebaseDatabase: f909d1448d4e7c4f5ef5acd1b8095f4bea9813ca
  GoogleDataTransport: b006084b73915a42c28a3466961a4edda3065da6
  GoogleUtilities: abda45f519bc4073aa1171d2f8742108def46017
  GTMSessionFetcher: b3503b20a988c4e20cc189aa798fd18220133f52
  JVFloatLabeledTextField: df48598472ee015701d509f43e59492a0d4ca208
  leveldb-library: 50c7b45cbd7bf543c81a468fe557a16ae3db8729
  nanopb: 59221d7f958fb711001e6a449489542d92ae113e
  ObjectMapper: 97111c97e054a6ee25917662106689f0b4127b37
  PromisesObjC: 3113f7f76903778cf4a0586bd1ab89329a0b7b97
  SwiftyJSON: 36413e04c44ee145039d332b4f4e2d3e8d6c4db7

PODFILE CHECKSUM: 90810b82a04939f4a42be7a41f7333800486c2c2

COCOAPODS: 1.5.2
